
Microsoft Visual Studio Solution File, Format Version 12.00
# Visual Studio 15
Project("{FAE04EC0-301F-11D3-BF4B-00C04F79EFBC}") = "Assembly-CSharp-firstpass", "Assembly-CSharp-firstpass.csproj", "{ADDB9847-43C9-60C7-D42A-1379F0AB69DB}"
EndProject
Project("{FAE04EC0-301F-11D3-BF4B-00C04F79EFBC}") = "Assembly-CSharp", "Assembly-CSharp.csproj", "{A978CC9A-7491-7253-286F-63E1E9E5B875}"
EndProject
Project("{FAE04EC0-301F-11D3-BF4B-00C04F79EFBC}") = "Assembly-CSharp-Editor-firstpass", "Assembly-CSharp-Editor-firstpass.csproj", "{AAC7B891-18E5-2D98-1D3F-4F31ABEA7114}"
EndProject
Global
	GlobalSection(SolutionConfigurationPlatforms) = preSolution
		Debug|Any CPU = Debug|Any CPU
		Release|Any CPU = Release|Any CPU
	EndGlobalSection
	GlobalSection(ProjectConfigurationPlatforms) = postSolution
		{ADDB9847-43C9-60C7-D42A-1379F0AB69DB}.Debug|Any CPU.ActiveCfg = Debug|Any CPU
		{ADDB9847-43C9-60C7-D42A-1379F0AB69DB}.Debug|Any CPU.Build.0 = Debug|Any CPU
		{ADDB9847-43C9-60C7-D42A-1379F0AB69DB}.Release|Any CPU.ActiveCfg = Release|Any CPU
		{ADDB9847-43C9-60C7-D42A-1379F0AB69DB}.Release|Any CPU.Build.0 = Release|Any CPU
		{A978CC9A-7491-7253-286F-63E1E9E5B875}.Debug|Any CPU.ActiveCfg = Debug|Any CPU
		{A978CC9A-7491-7253-286F-63E1E9E5B875}.Debug|Any CPU.Build.0 = Debug|Any CPU
		{A978CC9A-7491-7253-286F-63E1E9E5B875}.Release|Any CPU.ActiveCfg = Release|Any CPU
		{A978CC9A-7491-7253-286F-63E1E9E5B875}.Release|Any CPU.Build.0 = Release|Any CPU
		{AAC7B891-18E5-2D98-1D3F-4F31ABEA7114}.Debug|Any CPU.ActiveCfg = Debug|Any CPU
		{AAC7B891-18E5-2D98-1D3F-4F31ABEA7114}.Debug|Any CPU.Build.0 = Debug|Any CPU
		{AAC7B891-18E5-2D98-1D3F-4F31ABEA7114}.Release|Any CPU.ActiveCfg = Release|Any CPU
		{AAC7B891-18E5-2D98-1D3F-4F31ABEA7114}.Release|Any CPU.Build.0 = Release|Any CPU
	EndGlobalSection
	GlobalSection(SolutionProperties) = preSolution
		HideSolutionNode = FALSE
	EndGlobalSection
EndGlobal
